
Microsoft Visual Studio Solution File, Format Version 12.00
# Visual Studio Version 17
VisualStudioVersion = 17.0.31611.283
MinimumVisualStudioVersion = 10.0.40219.1
Project("{9A19103F-16F7-4668-BE54-9A1E7A4F7556}") = "EShopMobile", "EShopMobile\EShopMobile.csproj", "{31345FEC-DF0F-4B39-8DE5-02F5253F0157}"
EndProject
Project("{2150E333-8FDC-42A3-9474-1A3956D46DE8}") = "Solution Items", "Solution Items", "{72675232-94BE-4D1F-B2B7-3C599D06777F}"
	ProjectSection(SolutionItems) = preProject
		.editorconfig = .editorconfig
	EndProjectSection
EndProject
Project("{9A19103F-16F7-4668-BE54-9A1E7A4F7556}") = "DataModels", "..\EShopAPI\DataModels\DataModels.csproj", "{6DB1CBD8-C06F-4FB3-929F-FC9D42095D9D}"
EndProject
Project("{9A19103F-16F7-4668-BE54-9A1E7A4F7556}") = "Enums", "..\EShopAPI\Enums\Enums.csproj", "{0466881B-04BF-4661-AF16-F3B59AACF4FC}"
EndProject
Project("{9A19103F-16F7-4668-BE54-9A1E7A4F7556}") = "Client", "..\EShop-Core\Helpers\Client.csproj", "{15FD485E-419E-45CE-8DC4-535CC5804D38}"
EndProject
Global
	GlobalSection(SolutionConfigurationPlatforms) = preSolution
		Debug|Any CPU = Debug|Any CPU
		Release|Any CPU = Release|Any CPU
	EndGlobalSection
	GlobalSection(ProjectConfigurationPlatforms) = postSolution
		{31345FEC-DF0F-4B39-8DE5-02F5253F0157}.Debug|Any CPU.ActiveCfg = Debug|Any CPU
		{31345FEC-DF0F-4B39-8DE5-02F5253F0157}.Debug|Any CPU.Build.0 = Debug|Any CPU
		{31345FEC-DF0F-4B39-8DE5-02F5253F0157}.Debug|Any CPU.Deploy.0 = Debug|Any CPU
		{31345FEC-DF0F-4B39-8DE5-02F5253F0157}.Release|Any CPU.ActiveCfg = Release|Any CPU
		{31345FEC-DF0F-4B39-8DE5-02F5253F0157}.Release|Any CPU.Build.0 = Release|Any CPU
		{31345FEC-DF0F-4B39-8DE5-02F5253F0157}.Release|Any CPU.Deploy.0 = Release|Any CPU
		{6DB1CBD8-C06F-4FB3-929F-FC9D42095D9D}.Debug|Any CPU.ActiveCfg = Debug|Any CPU
		{6DB1CBD8-C06F-4FB3-929F-FC9D42095D9D}.Debug|Any CPU.Build.0 = Debug|Any CPU
		{6DB1CBD8-C06F-4FB3-929F-FC9D42095D9D}.Release|Any CPU.ActiveCfg = Release|Any CPU
		{6DB1CBD8-C06F-4FB3-929F-FC9D42095D9D}.Release|Any CPU.Build.0 = Release|Any CPU
		{0466881B-04BF-4661-AF16-F3B59AACF4FC}.Debug|Any CPU.ActiveCfg = Debug|Any CPU
		{0466881B-04BF-4661-AF16-F3B59AACF4FC}.Debug|Any CPU.Build.0 = Debug|Any CPU
		{0466881B-04BF-4661-AF16-F3B59AACF4FC}.Release|Any CPU.ActiveCfg = Release|Any CPU
		{0466881B-04BF-4661-AF16-F3B59AACF4FC}.Release|Any CPU.Build.0 = Release|Any CPU
		{15FD485E-419E-45CE-8DC4-535CC5804D38}.Debug|Any CPU.ActiveCfg = Debug|Any CPU
		{15FD485E-419E-45CE-8DC4-535CC5804D38}.Debug|Any CPU.Build.0 = Debug|Any CPU
		{15FD485E-419E-45CE-8DC4-535CC5804D38}.Release|Any CPU.ActiveCfg = Release|Any CPU
		{15FD485E-419E-45CE-8DC4-535CC5804D38}.Release|Any CPU.Build.0 = Release|Any CPU
	EndGlobalSection
	GlobalSection(SolutionProperties) = preSolution
		HideSolutionNode = FALSE
	EndGlobalSection
	GlobalSection(ExtensibilityGlobals) = postSolution
		SolutionGuid = {61F7FB11-1E47-470C-91E2-47F8143E1572}
	EndGlobalSection
EndGlobal
